
Microsoft Visual Studio Solution File, Format Version 12.00
# Visual Studio 15
VisualStudioVersion = 15.0.28307.1082
MinimumVisualStudioVersion = 10.0.40219.1
Project("{8BC9CEB8-8B4A-11D0-8D11-00A0C91BC942}") = "Inheritance", "Inheritance\Inheritance.vcxproj", "{EEA0E406-A685-45F4-8AEB-2102754F68BF}"
EndProject
Project("{8BC9CEB8-8B4A-11D0-8D11-00A0C91BC942}") = "Academy", "Academy\Academy.vcxproj", "{ED2DB583-E332-4B5F-93B6-BD04AAB5CA9A}"
EndProject
Project("{8BC9CEB8-8B4A-11D0-8D11-00A0C91BC942}") = "Files", "Files\Files.vcxproj", "{10381108-5376-438B-A2FD-5F8E9DC08CA6}"
EndProject
Project("{8BC9CEB8-8B4A-11D0-8D11-00A0C91BC942}") = "NetworkFiles", "NetworkFiles\NetworkFiles.vcxproj", "{76C5F26D-4400-45B4-BFA8-BAB7EA4389BD}"
EndProject
Project("{8BC9CEB8-8B4A-11D0-8D11-00A0C91BC942}") = "AbstractBaseClass", "AbstractBaseClass\AbstractBaseClass.vcxproj", "{6FF27324-8483-4565-8C65-0CC9209052C2}"
EndProject
Global
	GlobalSection(SolutionConfigurationPlatforms) = preSolution
		Debug|x64 = Debug|x64
		Debug|x86 = Debug|x86
		Release|x64 = Release|x64
		Release|x86 = Release|x86
	EndGlobalSection
	GlobalSection(ProjectConfigurationPlatforms) = postSolution
		{EEA0E406-A685-45F4-8AEB-2102754F68BF}.Debug|x64.ActiveCfg = Debug|x64
		{EEA0E406-A685-45F4-8AEB-2102754F68BF}.Debug|x64.Build.0 = Debug|x64
		{EEA0E406-A685-45F4-8AEB-2102754F68BF}.Debug|x86.ActiveCfg = Debug|Win32
		{EEA0E406-A685-45F4-8AEB-2102754F68BF}.Debug|x86.Build.0 = Debug|Win32
		{EEA0E406-A685-45F4-8AEB-2102754F68BF}.Release|x64.ActiveCfg = Release|x64
		{EEA0E406-A685-45F4-8AEB-2102754F68BF}.Release|x64.Build.0 = Release|x64
		{EEA0E406-A685-45F4-8AEB-2102754F68BF}.Release|x86.ActiveCfg = Release|Win32
		{EEA0E406-A685-45F4-8AEB-2102754F68BF}.Release|x86.Build.0 = Release|Win32
		{ED2DB583-E332-4B5F-93B6-BD04AAB5CA9A}.Debug|x64.ActiveCfg = Debug|x64
		{ED2DB583-E332-4B5F-93B6-BD04AAB5CA9A}.Debug|x64.Build.0 = Debug|x64
		{ED2DB583-E332-4B5F-93B6-BD04AAB5CA9A}.Debug|x86.ActiveCfg = Debug|Win32
		{ED2DB583-E332-4B5F-93B6-BD04AAB5CA9A}.Debug|x86.Build.0 = Debug|Win32
		{ED2DB583-E332-4B5F-93B6-BD04AAB5CA9A}.Release|x64.ActiveCfg = Release|x64
		{ED2DB583-E332-4B5F-93B6-BD04AAB5CA9A}.Release|x64.Build.0 = Release|x64
		{ED2DB583-E332-4B5F-93B6-BD04AAB5CA9A}.Release|x86.ActiveCfg = Release|Win32
		{ED2DB583-E332-4B5F-93B6-BD04AAB5CA9A}.Release|x86.Build.0 = Release|Win32
		{10381108-5376-438B-A2FD-5F8E9DC08CA6}.Debug|x64.ActiveCfg = Debug|x64
		{10381108-5376-438B-A2FD-5F8E9DC08CA6}.Debug|x64.Build.0 = Debug|x64
		{10381108-5376-438B-A2FD-5F8E9DC08CA6}.Debug|x86.ActiveCfg = Debug|Win32
		{10381108-5376-438B-A2FD-5F8E9DC08CA6}.Debug|x86.Build.0 = Debug|Win32
		{10381108-5376-438B-A2FD-5F8E9DC08CA6}.Release|x64.ActiveCfg = Release|x64
		{10381108-5376-438B-A2FD-5F8E9DC08CA6}.Release|x64.Build.0 = Release|x64
		{10381108-5376-438B-A2FD-5F8E9DC08CA6}.Release|x86.ActiveCfg = Release|Win32
		{10381108-5376-438B-A2FD-5F8E9DC08CA6}.Release|x86.Build.0 = Release|Win32
		{76C5F26D-4400-45B4-BFA8-BAB7EA4389BD}.Debug|x64.ActiveCfg = Debug|x64
		{76C5F26D-4400-45B4-BFA8-BAB7EA4389BD}.Debug|x64.Build.0 = Debug|x64
		{76C5F26D-4400-45B4-BFA8-BAB7EA4389BD}.Debug|x86.ActiveCfg = Debug|Win32
		{76C5F26D-4400-45B4-BFA8-BAB7EA4389BD}.Debug|x86.Build.0 = Debug|Win32
		{76C5F26D-4400-45B4-BFA8-BAB7EA4389BD}.Release|x64.ActiveCfg = Release|x64
		{76C5F26D-4400-45B4-BFA8-BAB7EA4389BD}.Release|x64.Build.0 = Release|x64
		{76C5F26D-4400-45B4-BFA8-BAB7EA4389BD}.Release|x86.ActiveCfg = Release|Win32
		{76C5F26D-4400-45B4-BFA8-BAB7EA4389BD}.Release|x86.Build.0 = Release|Win32
		{6FF27324-8483-4565-8C65-0CC9209052C2}.Debug|x64.ActiveCfg = Debug|x64
		{6FF27324-8483-4565-8C65-0CC9209052C2}.Debug|x64.Build.0 = Debug|x64
		{6FF27324-8483-4565-8C65-0CC9209052C2}.Debug|x86.ActiveCfg = Debug|Win32
		{6FF27324-8483-4565-8C65-0CC9209052C2}.Debug|x86.Build.0 = Debug|Win32
		{6FF27324-8483-4565-8C65-0CC9209052C2}.Release|x64.ActiveCfg = Release|x64
		{6FF27324-8483-4565-8C65-0CC9209052C2}.Release|x64.Build.0 = Release|x64
		{6FF27324-8483-4565-8C65-0CC9209052C2}.Release|x86.ActiveCfg = Release|Win32
		{6FF27324-8483-4565-8C65-0CC9209052C2}.Release|x86.Build.0 = Release|Win32
	EndGlobalSection
	GlobalSection(SolutionProperties) = preSolution
		HideSolutionNode = FALSE
	EndGlobalSection
	GlobalSection(ExtensibilityGlobals) = postSolution
		SolutionGuid = {2204C168-70EF-4D62-8E4F-640B69461DA1}
	EndGlobalSection
EndGlobal
